
Microsoft Visual Studio Solution File, Format Version 12.00
# Visual Studio Version 17
VisualStudioVersion = 17.13.35825.156 d17.13
MinimumVisualStudioVersion = 10.0.40219.1
Project("{FAE04EC0-301F-11D3-BF4B-00C04F79EFBC}") = "Proyecto Estudiante", "Proyecto Estudiante.csproj", "{BAC2C538-6C71-42A2-9981-B9EEE4FF422E}"
EndProject
Global
	GlobalSection(SolutionConfigurationPlatforms) = preSolution
		Debug|Any CPU = Debug|Any CPU
		Release|Any CPU = Release|Any CPU
	EndGlobalSection
	GlobalSection(ProjectConfigurationPlatforms) = postSolution
		{BAC2C538-6C71-42A2-9981-B9EEE4FF422E}.Debug|Any CPU.ActiveCfg = Debug|Any CPU
		{BAC2C538-6C71-42A2-9981-B9EEE4FF422E}.Debug|Any CPU.Build.0 = Debug|Any CPU
		{BAC2C538-6C71-42A2-9981-B9EEE4FF422E}.Release|Any CPU.ActiveCfg = Release|Any CPU
		{BAC2C538-6C71-42A2-9981-B9EEE4FF422E}.Release|Any CPU.Build.0 = Release|Any CPU
	EndGlobalSection
	GlobalSection(SolutionProperties) = preSolution
		HideSolutionNode = FALSE
	EndGlobalSection
	GlobalSection(ExtensibilityGlobals) = postSolution
		SolutionGuid = {18E73B79-4B98-40E1-BFD8-1D5E34474FAA}
	EndGlobalSection
EndGlobal
